
Microsoft Visual Studio Solution File, Format Version 12.00
# Visual Studio Version 16
VisualStudioVersion = 16.0.28922.388
MinimumVisualStudioVersion = 10.0.40219.1
Project("{9A19103F-16F7-4668-BE54-9A1E7A4F7556}") = "MiniZip.Test", "MiniZip.Test\MiniZip.Test.csproj", "{C76E2794-8411-4124-9F13-14263C7FACEC}"
EndProject
Project("{9A19103F-16F7-4668-BE54-9A1E7A4F7556}") = "MiniZip.Sandbox", "MiniZip.Sandbox\MiniZip.Sandbox.csproj", "{1A043D05-699B-4268-9B27-0E2411DE8D34}"
EndProject
Project("{9A19103F-16F7-4668-BE54-9A1E7A4F7556}") = "MiniZip", "MiniZip\MiniZip.csproj", "{64925A3F-B787-407F-8482-965381B1C571}"
EndProject
Project("{2150E333-8FDC-42A3-9474-1A3956D46DE8}") = "Solution Items", "Solution Items", "{09524EDA-0A1E-466C-AC04-1FE7AD9D9E11}"
	ProjectSection(SolutionItems) = preProject
		README.md = README.md
	EndProjectSection
EndProject
Project("{9A19103F-16F7-4668-BE54-9A1E7A4F7556}") = "MiniZip.Performance", "MiniZip.Performance\MiniZip.Performance.csproj", "{67665EB5-ED7A-4041-B9B3-439E9CDB5C38}"
EndProject
Global
	GlobalSection(SolutionConfigurationPlatforms) = preSolution
		Debug|Any CPU = Debug|Any CPU
		Release|Any CPU = Release|Any CPU
	EndGlobalSection
	GlobalSection(ProjectConfigurationPlatforms) = postSolution
		{C76E2794-8411-4124-9F13-14263C7FACEC}.Debug|Any CPU.ActiveCfg = Debug|Any CPU
		{C76E2794-8411-4124-9F13-14263C7FACEC}.Debug|Any CPU.Build.0 = Debug|Any CPU
		{C76E2794-8411-4124-9F13-14263C7FACEC}.Release|Any CPU.ActiveCfg = Release|Any CPU
		{C76E2794-8411-4124-9F13-14263C7FACEC}.Release|Any CPU.Build.0 = Release|Any CPU
		{1A043D05-699B-4268-9B27-0E2411DE8D34}.Debug|Any CPU.ActiveCfg = Debug|Any CPU
		{1A043D05-699B-4268-9B27-0E2411DE8D34}.Debug|Any CPU.Build.0 = Debug|Any CPU
		{1A043D05-699B-4268-9B27-0E2411DE8D34}.Release|Any CPU.ActiveCfg = Release|Any CPU
		{1A043D05-699B-4268-9B27-0E2411DE8D34}.Release|Any CPU.Build.0 = Release|Any CPU
		{64925A3F-B787-407F-8482-965381B1C571}.Debug|Any CPU.ActiveCfg = Debug|Any CPU
		{64925A3F-B787-407F-8482-965381B1C571}.Debug|Any CPU.Build.0 = Debug|Any CPU
		{64925A3F-B787-407F-8482-965381B1C571}.Release|Any CPU.ActiveCfg = Release|Any CPU
		{64925A3F-B787-407F-8482-965381B1C571}.Release|Any CPU.Build.0 = Release|Any CPU
		{67665EB5-ED7A-4041-B9B3-439E9CDB5C38}.Debug|Any CPU.ActiveCfg = Debug|Any CPU
		{67665EB5-ED7A-4041-B9B3-439E9CDB5C38}.Debug|Any CPU.Build.0 = Debug|Any CPU
		{67665EB5-ED7A-4041-B9B3-439E9CDB5C38}.Release|Any CPU.ActiveCfg = Release|Any CPU
		{67665EB5-ED7A-4041-B9B3-439E9CDB5C38}.Release|Any CPU.Build.0 = Release|Any CPU
	EndGlobalSection
	GlobalSection(SolutionProperties) = preSolution
		HideSolutionNode = FALSE
	EndGlobalSection
	GlobalSection(ExtensibilityGlobals) = postSolution
		SolutionGuid = {6F53657D-1AD8-4685-8245-6319D5E95994}
	EndGlobalSection
	GlobalSection(Performance) = preSolution
		HasPerformanceSessions = true
	EndGlobalSection
EndGlobal
